// !$*UTF8*$!
{
	archiveVersion = 1;
	classes = {
	};
	objectVersion = 56;
	objects = {

/* Begin PBXBuildFile section */
		5E42438B2D157F06001FD883 /* BooksListViewController.swift in Sources */ = {isa = PBXBuildFile; fileRef = 5E42438A2D157F06001FD883 /* BooksListViewController.swift */; };
		5E42438F2D1585DD001FD883 /* Book.swift in Sources */ = {isa = PBXBuildFile; fileRef = 5E42438E2D1585DD001FD883 /* Book.swift */; };
		5E4243942D1CBDFB001FD883 /* CategoriesService.swift in Sources */ = {isa = PBXBuildFile; fileRef = 5E4243932D1CBDFB001FD883 /* CategoriesService.swift */; };
		5E4243962D1CBE08001FD883 /* BooksService.swift in Sources */ = {isa = PBXBuildFile; fileRef = 5E4243952D1CBE08001FD883 /* BooksService.swift */; };
		5EA152472D09E225005D7AEB /* AppDelegate.swift in Sources */ = {isa = PBXBuildFile; fileRef = 5EA152462D09E225005D7AEB /* AppDelegate.swift */; };
		5EA152492D09E225005D7AEB /* SceneDelegate.swift in Sources */ = {isa = PBXBuildFile; fileRef = 5EA152482D09E225005D7AEB /* SceneDelegate.swift */; };
		5EA1524E2D09E225005D7AEB /* Main.storyboard in Resources */ = {isa = PBXBuildFile; fileRef = 5EA1524C2D09E225005D7AEB /* Main.storyboard */; };
		5EA152502D09E227005D7AEB /* Assets.xcassets in Resources */ = {isa = PBXBuildFile; fileRef = 5EA1524F2D09E227005D7AEB /* Assets.xcassets */; };
		5EA152532D09E227005D7AEB /* LaunchScreen.storyboard in Resources */ = {isa = PBXBuildFile; fileRef = 5EA152512D09E227005D7AEB /* LaunchScreen.storyboard */; };
		5EA1525D2D0A506B005D7AEB /* CategoriesListPresenter.swift in Sources */ = {isa = PBXBuildFile; fileRef = 5EA1525C2D0A506B005D7AEB /* CategoriesListPresenter.swift */; };
		5EA1525F2D0B73BE005D7AEB /* APIClient.swift in Sources */ = {isa = PBXBuildFile; fileRef = 5EA1525E2D0B73BE005D7AEB /* APIClient.swift */; };
		5EA152612D0B75F2005D7AEB /* Category.swift in Sources */ = {isa = PBXBuildFile; fileRef = 5EA152602D0B75F2005D7AEB /* Category.swift */; };
		5EAB1D722D5F4BBB00BDF8C6 /* UIView+AutoLayout.swift in Sources */ = {isa = PBXBuildFile; fileRef = 5EAB1D712D5F4BBB00BDF8C6 /* UIView+AutoLayout.swift */; };
		5EAB1D752D64A05100BDF8C6 /* SDWebImage in Frameworks */ = {isa = PBXBuildFile; productRef = 5EAB1D742D64A05100BDF8C6 /* SDWebImage */; };
		5EAB1D772D64A05200BDF8C6 /* SDWebImageMapKit in Frameworks */ = {isa = PBXBuildFile; productRef = 5EAB1D762D64A05100BDF8C6 /* SDWebImageMapKit */; };
		5EAB1D792D64A5BA00BDF8C6 /* CardViewCell.swift in Sources */ = {isa = PBXBuildFile; fileRef = 5EAB1D782D64A5BA00BDF8C6 /* CardViewCell.swift */; };
		5EAB1D7B2D64A61300BDF8C6 /* BookViewCell.swift in Sources */ = {isa = PBXBuildFile; fileRef = 5EAB1D7A2D64A61300BDF8C6 /* BookViewCell.swift */; };
		5EB7E1602D1EBB4C008DC2B6 /* BooksListPresenter.swift in Sources */ = {isa = PBXBuildFile; fileRef = 5EB7E15F2D1EBB4C008DC2B6 /* BooksListPresenter.swift */; };
		5EF1FB142D660E98006B8526 /* BookDetailsViewController.swift in Sources */ = {isa = PBXBuildFile; fileRef = 5EF1FB132D660E98006B8526 /* BookDetailsViewController.swift */; };
		5EF1FB1C2D67343D006B8526 /* NYT_Bestsellers_SwiftUIApp.swift in Sources */ = {isa = PBXBuildFile; fileRef = 5EF1FB1B2D67343D006B8526 /* NYT_Bestsellers_SwiftUIApp.swift */; };
		5EF1FB1E2D67343D006B8526 /* ContentView.swift in Sources */ = {isa = PBXBuildFile; fileRef = 5EF1FB1D2D67343D006B8526 /* ContentView.swift */; };
		5EF1FB202D673440006B8526 /* Assets.xcassets in Resources */ = {isa = PBXBuildFile; fileRef = 5EF1FB1F2D673440006B8526 /* Assets.xcassets */; };
		5EF1FB232D673440006B8526 /* Preview Assets.xcassets in Resources */ = {isa = PBXBuildFile; fileRef = 5EF1FB222D673440006B8526 /* Preview Assets.xcassets */; };
		5EF1FB272D67345A006B8526 /* BooksListViewModel.swift in Sources */ = {isa = PBXBuildFile; fileRef = 5EAB1D6C2D5A0E5400BDF8C6 /* BooksListViewModel.swift */; };
		5EF1FB282D67345A006B8526 /* BooksList.swift in Sources */ = {isa = PBXBuildFile; fileRef = 5EAB1D6A2D5A0C2700BDF8C6 /* BooksList.swift */; };
		5EF1FB292D67345A006B8526 /* CategoriesViewModel.swift in Sources */ = {isa = PBXBuildFile; fileRef = 5EAB1D682D54F70300BDF8C6 /* CategoriesViewModel.swift */; };
		5EF1FB2A2D67345A006B8526 /* CategoriesView.swift in Sources */ = {isa = PBXBuildFile; fileRef = 5EAB1D662D54E96A00BDF8C6 /* CategoriesView.swift */; };
		5EF1FB2B2D67345A006B8526 /* BookDetailsView.swift in Sources */ = {isa = PBXBuildFile; fileRef = 5EAB1D6E2D5CB39500BDF8C6 /* BookDetailsView.swift */; };
		5EF1FB2D2D6734B9006B8526 /* Category.swift in Sources */ = {isa = PBXBuildFile; fileRef = 5EA152602D0B75F2005D7AEB /* Category.swift */; };
		5EF1FB2E2D6734BD006B8526 /* Book.swift in Sources */ = {isa = PBXBuildFile; fileRef = 5E42438E2D1585DD001FD883 /* Book.swift */; };
		5EF1FB2F2D6734C2006B8526 /* APIClient.swift in Sources */ = {isa = PBXBuildFile; fileRef = 5EA1525E2D0B73BE005D7AEB /* APIClient.swift */; };
		5EF1FB302D6734C5006B8526 /* CategoriesService.swift in Sources */ = {isa = PBXBuildFile; fileRef = 5E4243932D1CBDFB001FD883 /* CategoriesService.swift */; };
		5EF1FB312D6734C9006B8526 /* BooksService.swift in Sources */ = {isa = PBXBuildFile; fileRef = 5E4243952D1CBE08001FD883 /* BooksService.swift */; };
		5EF1FB352D673C41006B8526 /* CategoriesListViewController.swift in Sources */ = {isa = PBXBuildFile; fileRef = 5EF1FB342D673C41006B8526 /* CategoriesListViewController.swift */; };
		5EF2B3662D6CAE5300C612EB /* NYT_Bestsellers_UIKitTests.swift in Sources */ = {isa = PBXBuildFile; fileRef = 5EF2B3652D6CAE5300C612EB /* NYT_Bestsellers_UIKitTests.swift */; };
		5EF2B3732D6CAE6800C612EB /* NYT_Bestsellers_SwiftUITests.swift in Sources */ = {isa = PBXBuildFile; fileRef = 5EF2B3722D6CAE6800C612EB /* NYT_Bestsellers_SwiftUITests.swift */; };
		5EF2B37B2D6CEFF400C612EB /* MockCategoriesListView.swift in Sources */ = {isa = PBXBuildFile; fileRef = 5EF2B37A2D6CEFF400C612EB /* MockCategoriesListView.swift */; };
		5EF2B37D2D6CFBEE00C612EB /* MockCategoriesService.swift in Sources */ = {isa = PBXBuildFile; fileRef = 5EF2B37C2D6CFBEE00C612EB /* MockCategoriesService.swift */; };
		5EF2B37F2D6E297A00C612EB /* CategoriesListPresenterTests.swift in Sources */ = {isa = PBXBuildFile; fileRef = 5EF2B37E2D6E297A00C612EB /* CategoriesListPresenterTests.swift */; };
/* End PBXBuildFile section */

/* Begin PBXContainerItemProxy section */
		5EF2B3672D6CAE5300C612EB /* PBXContainerItemProxy */ = {
			isa = PBXContainerItemProxy;
			containerPortal = 5EA1523B2D09E225005D7AEB /* Project object */;
			proxyType = 1;
			remoteGlobalIDString = 5EA152422D09E225005D7AEB;
			remoteInfo = "NYT Bestsellers-UIKit";
		};
		5EF2B3742D6CAE6800C612EB /* PBXContainerItemProxy */ = {
			isa = PBXContainerItemProxy;
			containerPortal = 5EA1523B2D09E225005D7AEB /* Project object */;
			proxyType = 1;
			remoteGlobalIDString = 5EF1FB182D67343D006B8526;
			remoteInfo = "NYT Bestsellers-SwiftUI";
		};
/* End PBXContainerItemProxy section */

/* Begin PBXFileReference section */
		5E42438A2D157F06001FD883 /* BooksListViewController.swift */ = {isa = PBXFileReference; lastKnownFileType = sourcecode.swift; path = BooksListViewController.swift; sourceTree = "<group>"; };
		5E42438E2D1585DD001FD883 /* Book.swift */ = {isa = PBXFileReference; lastKnownFileType = sourcecode.swift; path = Book.swift; sourceTree = "<group>"; };
		5E4243932D1CBDFB001FD883 /* CategoriesService.swift */ = {isa = PBXFileReference; lastKnownFileType = sourcecode.swift; path = CategoriesService.swift; sourceTree = "<group>"; };
		5E4243952D1CBE08001FD883 /* BooksService.swift */ = {isa = PBXFileReference; lastKnownFileType = sourcecode.swift; path = BooksService.swift; sourceTree = "<group>"; };
		5EA152432D09E225005D7AEB /* NYT Bestsellers-UIKit.app */ = {isa = PBXFileReference; explicitFileType = wrapper.application; includeInIndex = 0; path = "NYT Bestsellers-UIKit.app"; sourceTree = BUILT_PRODUCTS_DIR; };
		5EA152462D09E225005D7AEB /* AppDelegate.swift */ = {isa = PBXFileReference; lastKnownFileType = sourcecode.swift; path = AppDelegate.swift; sourceTree = "<group>"; };
		5EA152482D09E225005D7AEB /* SceneDelegate.swift */ = {isa = PBXFileReference; lastKnownFileType = sourcecode.swift; path = SceneDelegate.swift; sourceTree = "<group>"; };
		5EA1524D2D09E225005D7AEB /* Base */ = {isa = PBXFileReference; lastKnownFileType = file.storyboard; name = Base; path = Base.lproj/Main.storyboard; sourceTree = "<group>"; };
		5EA1524F2D09E227005D7AEB /* Assets.xcassets */ = {isa = PBXFileReference; lastKnownFileType = folder.assetcatalog; path = Assets.xcassets; sourceTree = "<group>"; };
		5EA152522D09E227005D7AEB /* Base */ = {isa = PBXFileReference; lastKnownFileType = file.storyboard; name = Base; path = Base.lproj/LaunchScreen.storyboard; sourceTree = "<group>"; };
		5EA152542D09E227005D7AEB /* Info.plist */ = {isa = PBXFileReference; lastKnownFileType = text.plist.xml; path = Info.plist; sourceTree = "<group>"; };
		5EA1525C2D0A506B005D7AEB /* CategoriesListPresenter.swift */ = {isa = PBXFileReference; lastKnownFileType = sourcecode.swift; path = CategoriesListPresenter.swift; sourceTree = "<group>"; };
		5EA1525E2D0B73BE005D7AEB /* APIClient.swift */ = {isa = PBXFileReference; lastKnownFileType = sourcecode.swift; path = APIClient.swift; sourceTree = "<group>"; };
		5EA152602D0B75F2005D7AEB /* Category.swift */ = {isa = PBXFileReference; lastKnownFileType = sourcecode.swift; path = Category.swift; sourceTree = "<group>"; };
		5EA152622D0B912A005D7AEB /* secrets.xcconfig */ = {isa = PBXFileReference; lastKnownFileType = text.xcconfig; path = secrets.xcconfig; sourceTree = "<group>"; };
		5EAB1D662D54E96A00BDF8C6 /* CategoriesView.swift */ = {isa = PBXFileReference; lastKnownFileType = sourcecode.swift; path = CategoriesView.swift; sourceTree = "<group>"; };
		5EAB1D682D54F70300BDF8C6 /* CategoriesViewModel.swift */ = {isa = PBXFileReference; lastKnownFileType = sourcecode.swift; path = CategoriesViewModel.swift; sourceTree = "<group>"; };
		5EAB1D6A2D5A0C2700BDF8C6 /* BooksList.swift */ = {isa = PBXFileReference; lastKnownFileType = sourcecode.swift; path = BooksList.swift; sourceTree = "<group>"; };
		5EAB1D6C2D5A0E5400BDF8C6 /* BooksListViewModel.swift */ = {isa = PBXFileReference; lastKnownFileType = sourcecode.swift; path = BooksListViewModel.swift; sourceTree = "<group>"; };
		5EAB1D6E2D5CB39500BDF8C6 /* BookDetailsView.swift */ = {isa = PBXFileReference; lastKnownFileType = sourcecode.swift; path = BookDetailsView.swift; sourceTree = "<group>"; };
		5EAB1D712D5F4BBB00BDF8C6 /* UIView+AutoLayout.swift */ = {isa = PBXFileReference; lastKnownFileType = sourcecode.swift; path = "UIView+AutoLayout.swift"; sourceTree = "<group>"; };
		5EAB1D782D64A5BA00BDF8C6 /* CardViewCell.swift */ = {isa = PBXFileReference; lastKnownFileType = sourcecode.swift; path = CardViewCell.swift; sourceTree = "<group>"; };
		5EAB1D7A2D64A61300BDF8C6 /* BookViewCell.swift */ = {isa = PBXFileReference; lastKnownFileType = sourcecode.swift; path = BookViewCell.swift; sourceTree = "<group>"; };
		5EB7E15F2D1EBB4C008DC2B6 /* BooksListPresenter.swift */ = {isa = PBXFileReference; lastKnownFileType = sourcecode.swift; path = BooksListPresenter.swift; sourceTree = "<group>"; };
		5EF1FB132D660E98006B8526 /* BookDetailsViewController.swift */ = {isa = PBXFileReference; lastKnownFileType = sourcecode.swift; path = BookDetailsViewController.swift; sourceTree = "<group>"; };
		5EF1FB192D67343D006B8526 /* NYT Bestsellers-SwiftUI.app */ = {isa = PBXFileReference; explicitFileType = wrapper.application; includeInIndex = 0; path = "NYT Bestsellers-SwiftUI.app"; sourceTree = BUILT_PRODUCTS_DIR; };
		5EF1FB1B2D67343D006B8526 /* NYT_Bestsellers_SwiftUIApp.swift */ = {isa = PBXFileReference; lastKnownFileType = sourcecode.swift; path = NYT_Bestsellers_SwiftUIApp.swift; sourceTree = "<group>"; };
		5EF1FB1D2D67343D006B8526 /* ContentView.swift */ = {isa = PBXFileReference; lastKnownFileType = sourcecode.swift; path = ContentView.swift; sourceTree = "<group>"; };
		5EF1FB1F2D673440006B8526 /* Assets.xcassets */ = {isa = PBXFileReference; lastKnownFileType = folder.assetcatalog; path = Assets.xcassets; sourceTree = "<group>"; };
		5EF1FB222D673440006B8526 /* Preview Assets.xcassets */ = {isa = PBXFileReference; lastKnownFileType = folder.assetcatalog; path = "Preview Assets.xcassets"; sourceTree = "<group>"; };
		5EF1FB342D673C41006B8526 /* CategoriesListViewController.swift */ = {isa = PBXFileReference; fileEncoding = 4; lastKnownFileType = sourcecode.swift; path = CategoriesListViewController.swift; sourceTree = "<group>"; };
		5EF2B3632D6CAE5300C612EB /* NYT Bestsellers-UIKitTests.xctest */ = {isa = PBXFileReference; explicitFileType = wrapper.cfbundle; includeInIndex = 0; path = "NYT Bestsellers-UIKitTests.xctest"; sourceTree = BUILT_PRODUCTS_DIR; };
		5EF2B3652D6CAE5300C612EB /* NYT_Bestsellers_UIKitTests.swift */ = {isa = PBXFileReference; lastKnownFileType = sourcecode.swift; path = NYT_Bestsellers_UIKitTests.swift; sourceTree = "<group>"; };
		5EF2B3702D6CAE6800C612EB /* NYT Bestsellers-SwiftUITests.xctest */ = {isa = PBXFileReference; explicitFileType = wrapper.cfbundle; includeInIndex = 0; path = "NYT Bestsellers-SwiftUITests.xctest"; sourceTree = BUILT_PRODUCTS_DIR; };
		5EF2B3722D6CAE6800C612EB /* NYT_Bestsellers_SwiftUITests.swift */ = {isa = PBXFileReference; lastKnownFileType = sourcecode.swift; path = NYT_Bestsellers_SwiftUITests.swift; sourceTree = "<group>"; };
		5EF2B37A2D6CEFF400C612EB /* MockCategoriesListView.swift */ = {isa = PBXFileReference; lastKnownFileType = sourcecode.swift; path = MockCategoriesListView.swift; sourceTree = "<group>"; };
		5EF2B37C2D6CFBEE00C612EB /* MockCategoriesService.swift */ = {isa = PBXFileReference; lastKnownFileType = sourcecode.swift; path = MockCategoriesService.swift; sourceTree = "<group>"; };
		5EF2B37E2D6E297A00C612EB /* CategoriesListPresenterTests.swift */ = {isa = PBXFileReference; lastKnownFileType = sourcecode.swift; path = CategoriesListPresenterTests.swift; sourceTree = "<group>"; };
/* End PBXFileReference section */

/* Begin PBXFrameworksBuildPhase section */
		5EA152402D09E225005D7AEB /* Frameworks */ = {
			isa = PBXFrameworksBuildPhase;
			buildActionMask = 2147483647;
			files = (
				5EAB1D772D64A05200BDF8C6 /* SDWebImageMapKit in Frameworks */,
				5EAB1D752D64A05100BDF8C6 /* SDWebImage in Frameworks */,
			);
			runOnlyForDeploymentPostprocessing = 0;
		};
		5EF1FB162D67343D006B8526 /* Frameworks */ = {
			isa = PBXFrameworksBuildPhase;
			buildActionMask = 2147483647;
			files = (
			);
			runOnlyForDeploymentPostprocessing = 0;
		};
		5EF2B3602D6CAE5300C612EB /* Frameworks */ = {
			isa = PBXFrameworksBuildPhase;
			buildActionMask = 2147483647;
			files = (
			);
			runOnlyForDeploymentPostprocessing = 0;
		};
		5EF2B36D2D6CAE6800C612EB /* Frameworks */ = {
			isa = PBXFrameworksBuildPhase;
			buildActionMask = 2147483647;
			files = (
			);
			runOnlyForDeploymentPostprocessing = 0;
		};
/* End PBXFrameworksBuildPhase section */

/* Begin PBXGroup section */
		5E4243922D1CBDE4001FD883 /* DataService */ = {
			isa = PBXGroup;
			children = (
				5EA1525E2D0B73BE005D7AEB /* APIClient.swift */,
				5E4243932D1CBDFB001FD883 /* CategoriesService.swift */,
				5E4243952D1CBE08001FD883 /* BooksService.swift */,
			);
			path = DataService;
			sourceTree = "<group>";
		};
		5EA1523A2D09E225005D7AEB = {
			isa = PBXGroup;
			children = (
				5EA152622D0B912A005D7AEB /* secrets.xcconfig */,
				5EF1FB2C2D673498006B8526 /* Shared */,
				5EA152452D09E225005D7AEB /* NYT Bestsellers */,
				5EF1FB1A2D67343D006B8526 /* NYT Bestsellers-SwiftUI */,
				5EF2B3642D6CAE5300C612EB /* NYT Bestsellers-UIKitTests */,
				5EF2B3712D6CAE6800C612EB /* NYT Bestsellers-SwiftUITests */,
				5EA152442D09E225005D7AEB /* Products */,
			);
			sourceTree = "<group>";
		};
		5EA152442D09E225005D7AEB /* Products */ = {
			isa = PBXGroup;
			children = (
				5EA152432D09E225005D7AEB /* NYT Bestsellers-UIKit.app */,
				5EF1FB192D67343D006B8526 /* NYT Bestsellers-SwiftUI.app */,
				5EF2B3632D6CAE5300C612EB /* NYT Bestsellers-UIKitTests.xctest */,
				5EF2B3702D6CAE6800C612EB /* NYT Bestsellers-SwiftUITests.xctest */,
			);
			name = Products;
			sourceTree = "<group>";
		};
		5EA152452D09E225005D7AEB /* NYT Bestsellers */ = {
			isa = PBXGroup;
			children = (
				5EA152462D09E225005D7AEB /* AppDelegate.swift */,
				5EA152482D09E225005D7AEB /* SceneDelegate.swift */,
				5EA152542D09E227005D7AEB /* Info.plist */,
				5EAB1D702D5F4B2F00BDF8C6 /* Extensions */,
				5EAB1D7E2D64A6BF00BDF8C6 /* Resources */,
				5EF1FB342D673C41006B8526 /* CategoriesListViewController.swift */,
				5EA1525C2D0A506B005D7AEB /* CategoriesListPresenter.swift */,
				5E42438A2D157F06001FD883 /* BooksListViewController.swift */,
				5EB7E15F2D1EBB4C008DC2B6 /* BooksListPresenter.swift */,
				5EF1FB132D660E98006B8526 /* BookDetailsViewController.swift */,
				5EAB1D7A2D64A61300BDF8C6 /* BookViewCell.swift */,
				5EAB1D782D64A5BA00BDF8C6 /* CardViewCell.swift */,
			);
			path = "NYT Bestsellers";
			sourceTree = "<group>";
		};
		5EAB1D702D5F4B2F00BDF8C6 /* Extensions */ = {
			isa = PBXGroup;
			children = (
				5EAB1D712D5F4BBB00BDF8C6 /* UIView+AutoLayout.swift */,
			);
			path = Extensions;
			sourceTree = "<group>";
		};
		5EAB1D7D2D64A68200BDF8C6 /* Models */ = {
			isa = PBXGroup;
			children = (
				5EA152602D0B75F2005D7AEB /* Category.swift */,
				5E42438E2D1585DD001FD883 /* Book.swift */,
			);
			path = Models;
			sourceTree = "<group>";
		};
		5EAB1D7E2D64A6BF00BDF8C6 /* Resources */ = {
			isa = PBXGroup;
			children = (
				5EA1524C2D09E225005D7AEB /* Main.storyboard */,
				5EA1524F2D09E227005D7AEB /* Assets.xcassets */,
				5EA152512D09E227005D7AEB /* LaunchScreen.storyboard */,
			);
			path = Resources;
			sourceTree = "<group>";
		};
		5EF1FB1A2D67343D006B8526 /* NYT Bestsellers-SwiftUI */ = {
			isa = PBXGroup;
			children = (
				5EF1FB1B2D67343D006B8526 /* NYT_Bestsellers_SwiftUIApp.swift */,
				5EAB1D662D54E96A00BDF8C6 /* CategoriesView.swift */,
				5EAB1D682D54F70300BDF8C6 /* CategoriesViewModel.swift */,
				5EAB1D6A2D5A0C2700BDF8C6 /* BooksList.swift */,
				5EAB1D6C2D5A0E5400BDF8C6 /* BooksListViewModel.swift */,
				5EAB1D6E2D5CB39500BDF8C6 /* BookDetailsView.swift */,
				5EF1FB1D2D67343D006B8526 /* ContentView.swift */,
				5EF1FB1F2D673440006B8526 /* Assets.xcassets */,
				5EF1FB212D673440006B8526 /* Preview Content */,
			);
			path = "NYT Bestsellers-SwiftUI";
			sourceTree = "<group>";
		};
		5EF1FB212D673440006B8526 /* Preview Content */ = {
			isa = PBXGroup;
			children = (
				5EF1FB222D673440006B8526 /* Preview Assets.xcassets */,
			);
			path = "Preview Content";
			sourceTree = "<group>";
		};
		5EF1FB2C2D673498006B8526 /* Shared */ = {
			isa = PBXGroup;
			children = (
				5E4243922D1CBDE4001FD883 /* DataService */,
				5EAB1D7D2D64A68200BDF8C6 /* Models */,
			);
			path = Shared;
			sourceTree = "<group>";
		};
		5EF2B3642D6CAE5300C612EB /* NYT Bestsellers-UIKitTests */ = {
			isa = PBXGroup;
			children = (
				5EF2B3792D6CEFE200C612EB /* Mocks */,
				5EF2B3652D6CAE5300C612EB /* NYT_Bestsellers_UIKitTests.swift */,
				5EF2B37E2D6E297A00C612EB /* CategoriesListPresenterTests.swift */,
			);
			path = "NYT Bestsellers-UIKitTests";
			sourceTree = "<group>";
		};
		5EF2B3712D6CAE6800C612EB /* NYT Bestsellers-SwiftUITests */ = {
			isa = PBXGroup;
			children = (
				5EF2B3722D6CAE6800C612EB /* NYT_Bestsellers_SwiftUITests.swift */,
			);
			path = "NYT Bestsellers-SwiftUITests";
			sourceTree = "<group>";
		};
		5EF2B3792D6CEFE200C612EB /* Mocks */ = {
			isa = PBXGroup;
			children = (
				5EF2B37A2D6CEFF400C612EB /* MockCategoriesListView.swift */,
				5EF2B37C2D6CFBEE00C612EB /* MockCategoriesService.swift */,
			);
			path = Mocks;
			sourceTree = "<group>";
		};
/* End PBXGroup section */

/* Begin PBXNativeTarget section */
		5EA152422D09E225005D7AEB /* NYT Bestsellers-UIKit */ = {
			isa = PBXNativeTarget;
			buildConfigurationList = 5EA152572D09E227005D7AEB /* Build configuration list for PBXNativeTarget "NYT Bestsellers-UIKit" */;
			buildPhases = (
				5EA1523F2D09E225005D7AEB /* Sources */,
				5EA152402D09E225005D7AEB /* Frameworks */,
				5EA152412D09E225005D7AEB /* Resources */,
			);
			buildRules = (
			);
			dependencies = (
			);
			name = "NYT Bestsellers-UIKit";
			packageProductDependencies = (
				5EAB1D742D64A05100BDF8C6 /* SDWebImage */,
				5EAB1D762D64A05100BDF8C6 /* SDWebImageMapKit */,
			);
			productName = "NYT Bestsellers";
			productReference = 5EA152432D09E225005D7AEB /* NYT Bestsellers-UIKit.app */;
			productType = "com.apple.product-type.application";
		};
		5EF1FB182D67343D006B8526 /* NYT Bestsellers-SwiftUI */ = {
			isa = PBXNativeTarget;
			buildConfigurationList = 5EF1FB242D673440006B8526 /* Build configuration list for PBXNativeTarget "NYT Bestsellers-SwiftUI" */;
			buildPhases = (
				5EF1FB152D67343D006B8526 /* Sources */,
				5EF1FB162D67343D006B8526 /* Frameworks */,
				5EF1FB172D67343D006B8526 /* Resources */,
			);
			buildRules = (
			);
			dependencies = (
			);
			name = "NYT Bestsellers-SwiftUI";
			productName = "NYT Bestsellers-SwiftUI";
			productReference = 5EF1FB192D67343D006B8526 /* NYT Bestsellers-SwiftUI.app */;
			productType = "com.apple.product-type.application";
		};
		5EF2B3622D6CAE5300C612EB /* NYT Bestsellers-UIKitTests */ = {
			isa = PBXNativeTarget;
			buildConfigurationList = 5EF2B36B2D6CAE5300C612EB /* Build configuration list for PBXNativeTarget "NYT Bestsellers-UIKitTests" */;
			buildPhases = (
				5EF2B35F2D6CAE5300C612EB /* Sources */,
				5EF2B3602D6CAE5300C612EB /* Frameworks */,
				5EF2B3612D6CAE5300C612EB /* Resources */,
			);
			buildRules = (
			);
			dependencies = (
				5EF2B3682D6CAE5300C612EB /* PBXTargetDependency */,
			);
			name = "NYT Bestsellers-UIKitTests";
			productName = "NYT Bestsellers-UIKitTests";
			productReference = 5EF2B3632D6CAE5300C612EB /* NYT Bestsellers-UIKitTests.xctest */;
			productType = "com.apple.product-type.bundle.unit-test";
		};
		5EF2B36F2D6CAE6800C612EB /* NYT Bestsellers-SwiftUITests */ = {
			isa = PBXNativeTarget;
			buildConfigurationList = 5EF2B3762D6CAE6800C612EB /* Build configuration list for PBXNativeTarget "NYT Bestsellers-SwiftUITests" */;
			buildPhases = (
				5EF2B36C2D6CAE6800C612EB /* Sources */,
				5EF2B36D2D6CAE6800C612EB /* Frameworks */,
				5EF2B36E2D6CAE6800C612EB /* Resources */,
			);
			buildRules = (
			);
			dependencies = (
				5EF2B3752D6CAE6800C612EB /* PBXTargetDependency */,
			);
			name = "NYT Bestsellers-SwiftUITests";
			productName = "NYT Bestsellers-SwiftUITests";
			productReference = 5EF2B3702D6CAE6800C612EB /* NYT Bestsellers-SwiftUITests.xctest */;
			productType = "com.apple.product-type.bundle.unit-test";
		};
/* End PBXNativeTarget section */

/* Begin PBXProject section */
		5EA1523B2D09E225005D7AEB /* Project object */ = {
			isa = PBXProject;
			attributes = {
				BuildIndependentTargetsInParallel = 1;
				LastSwiftUpdateCheck = 1500;
				LastUpgradeCheck = 1500;
				TargetAttributes = {
					5EA152422D09E225005D7AEB = {
						CreatedOnToolsVersion = 15.0.1;
					};
					5EF1FB182D67343D006B8526 = {
						CreatedOnToolsVersion = 15.0.1;
					};
					5EF2B3622D6CAE5300C612EB = {
						CreatedOnToolsVersion = 15.0.1;
						TestTargetID = 5EA152422D09E225005D7AEB;
					};
					5EF2B36F2D6CAE6800C612EB = {
						CreatedOnToolsVersion = 15.0.1;
						TestTargetID = 5EF1FB182D67343D006B8526;
					};
				};
			};
			buildConfigurationList = 5EA1523E2D09E225005D7AEB /* Build configuration list for PBXProject "NYT Bestsellers" */;
			compatibilityVersion = "Xcode 14.0";
			developmentRegion = en;
			hasScannedForEncodings = 0;
			knownRegions = (
				en,
				Base,
			);
			mainGroup = 5EA1523A2D09E225005D7AEB;
			packageReferences = (
				5EAB1D732D64A05100BDF8C6 /* XCRemoteSwiftPackageReference "SDWebImage" */,
			);
			productRefGroup = 5EA152442D09E225005D7AEB /* Products */;
			projectDirPath = "";
			projectRoot = "";
			targets = (
				5EA152422D09E225005D7AEB /* NYT Bestsellers-UIKit */,
				5EF1FB182D67343D006B8526 /* NYT Bestsellers-SwiftUI */,
				5EF2B3622D6CAE5300C612EB /* NYT Bestsellers-UIKitTests */,
				5EF2B36F2D6CAE6800C612EB /* NYT Bestsellers-SwiftUITests */,
			);
		};
/* End PBXProject section */

/* Begin PBXResourcesBuildPhase section */
		5EA152412D09E225005D7AEB /* Resources */ = {
			isa = PBXResourcesBuildPhase;
			buildActionMask = 2147483647;
			files = (
				5EA152532D09E227005D7AEB /* LaunchScreen.storyboard in Resources */,
				5EA152502D09E227005D7AEB /* Assets.xcassets in Resources */,
				5EA1524E2D09E225005D7AEB /* Main.storyboard in Resources */,
			);
			runOnlyForDeploymentPostprocessing = 0;
		};
		5EF1FB172D67343D006B8526 /* Resources */ = {
			isa = PBXResourcesBuildPhase;
			buildActionMask = 2147483647;
			files = (
				5EF1FB232D673440006B8526 /* Preview Assets.xcassets in Resources */,
				5EF1FB202D673440006B8526 /* Assets.xcassets in Resources */,
			);
			runOnlyForDeploymentPostprocessing = 0;
		};
		5EF2B3612D6CAE5300C612EB /* Resources */ = {
			isa = PBXResourcesBuildPhase;
			buildActionMask = 2147483647;
			files = (
			);
			runOnlyForDeploymentPostprocessing = 0;
		};
		5EF2B36E2D6CAE6800C612EB /* Resources */ = {
			isa = PBXResourcesBuildPhase;
			buildActionMask = 2147483647;
			files = (
			);
			runOnlyForDeploymentPostprocessing = 0;
		};
/* End PBXResourcesBuildPhase section */

/* Begin PBXSourcesBuildPhase section */
		5EA1523F2D09E225005D7AEB /* Sources */ = {
			isa = PBXSourcesBuildPhase;
			buildActionMask = 2147483647;
			files = (
				5E4243962D1CBE08001FD883 /* BooksService.swift in Sources */,
				5EF1FB142D660E98006B8526 /* BookDetailsViewController.swift in Sources */,
				5EAB1D792D64A5BA00BDF8C6 /* CardViewCell.swift in Sources */,
				5EAB1D7B2D64A61300BDF8C6 /* BookViewCell.swift in Sources */,
				5E42438B2D157F06001FD883 /* BooksListViewController.swift in Sources */,
				5EA152472D09E225005D7AEB /* AppDelegate.swift in Sources */,
				5EF1FB352D673C41006B8526 /* CategoriesListViewController.swift in Sources */,
				5EA1525D2D0A506B005D7AEB /* CategoriesListPresenter.swift in Sources */,
				5EB7E1602D1EBB4C008DC2B6 /* BooksListPresenter.swift in Sources */,
				5EA1525F2D0B73BE005D7AEB /* APIClient.swift in Sources */,
				5EAB1D722D5F4BBB00BDF8C6 /* UIView+AutoLayout.swift in Sources */,
				5EA152492D09E225005D7AEB /* SceneDelegate.swift in Sources */,
				5E4243942D1CBDFB001FD883 /* CategoriesService.swift in Sources */,
				5E42438F2D1585DD001FD883 /* Book.swift in Sources */,
				5EA152612D0B75F2005D7AEB /* Category.swift in Sources */,
			);
			runOnlyForDeploymentPostprocessing = 0;
		};
		5EF1FB152D67343D006B8526 /* Sources */ = {
			isa = PBXSourcesBuildPhase;
			buildActionMask = 2147483647;
			files = (
				5EF1FB312D6734C9006B8526 /* BooksService.swift in Sources */,
				5EF1FB282D67345A006B8526 /* BooksList.swift in Sources */,
				5EF1FB2B2D67345A006B8526 /* BookDetailsView.swift in Sources */,
				5EF1FB272D67345A006B8526 /* BooksListViewModel.swift in Sources */,
				5EF1FB2F2D6734C2006B8526 /* APIClient.swift in Sources */,
				5EF1FB2A2D67345A006B8526 /* CategoriesView.swift in Sources */,
				5EF1FB292D67345A006B8526 /* CategoriesViewModel.swift in Sources */,
				5EF1FB2E2D6734BD006B8526 /* Book.swift in Sources */,
				5EF1FB1E2D67343D006B8526 /* ContentView.swift in Sources */,
				5EF1FB302D6734C5006B8526 /* CategoriesService.swift in Sources */,
				5EF1FB1C2D67343D006B8526 /* NYT_Bestsellers_SwiftUIApp.swift in Sources */,
				5EF1FB2D2D6734B9006B8526 /* Category.swift in Sources */,
			);
			runOnlyForDeploymentPostprocessing = 0;
		};
		5EF2B35F2D6CAE5300C612EB /* Sources */ = {
			isa = PBXSourcesBuildPhase;
			buildActionMask = 2147483647;
			files = (
				5EF2B37B2D6CEFF400C612EB /* MockCategoriesListView.swift in Sources */,
				5EF2B3662D6CAE5300C612EB /* NYT_Bestsellers_UIKitTests.swift in Sources */,
				5EF2B37F2D6E297A00C612EB /* CategoriesListPresenterTests.swift in Sources */,
				5EF2B37D2D6CFBEE00C612EB /* MockCategoriesService.swift in Sources */,
			);
			runOnlyForDeploymentPostprocessing = 0;
		};
		5EF2B36C2D6CAE6800C612EB /* Sources */ = {
			isa = PBXSourcesBuildPhase;
			buildActionMask = 2147483647;
			files = (
				5EF2B3732D6CAE6800C612EB /* NYT_Bestsellers_SwiftUITests.swift in Sources */,
			);
			runOnlyForDeploymentPostprocessing = 0;
		};
/* End PBXSourcesBuildPhase section */

/* Begin PBXTargetDependency section */
		5EF2B3682D6CAE5300C612EB /* PBXTargetDependency */ = {
			isa = PBXTargetDependency;
			target = 5EA152422D09E225005D7AEB /* NYT Bestsellers-UIKit */;
			targetProxy = 5EF2B3672D6CAE5300C612EB /* PBXContainerItemProxy */;
		};
		5EF2B3752D6CAE6800C612EB /* PBXTargetDependency */ = {
			isa = PBXTargetDependency;
			target = 5EF1FB182D67343D006B8526 /* NYT Bestsellers-SwiftUI */;
			targetProxy = 5EF2B3742D6CAE6800C612EB /* PBXContainerItemProxy */;
		};
/* End PBXTargetDependency section */

/* Begin PBXVariantGroup section */
		5EA1524C2D09E225005D7AEB /* Main.storyboard */ = {
			isa = PBXVariantGroup;
			children = (
				5EA1524D2D09E225005D7AEB /* Base */,
			);
			name = Main.storyboard;
			sourceTree = "<group>";
		};
		5EA152512D09E227005D7AEB /* LaunchScreen.storyboard */ = {
			isa = PBXVariantGroup;
			children = (
				5EA152522D09E227005D7AEB /* Base */,
			);
			name = LaunchScreen.storyboard;
			sourceTree = "<group>";
		};
/* End PBXVariantGroup section */

/* Begin XCBuildConfiguration section */
		5EA152552D09E227005D7AEB /* Debug */ = {
			isa = XCBuildConfiguration;
			buildSettings = {
				ALWAYS_SEARCH_USER_PATHS = NO;
				ASSETCATALOG_COMPILER_GENERATE_SWIFT_ASSET_SYMBOL_EXTENSIONS = YES;
				CLANG_ANALYZER_NONNULL = YES;
				CLANG_ANALYZER_NUMBER_OBJECT_CONVERSION = YES_AGGRESSIVE;
				CLANG_CXX_LANGUAGE_STANDARD = "gnu++20";
				CLANG_ENABLE_MODULES = YES;
				CLANG_ENABLE_OBJC_ARC = YES;
				CLANG_ENABLE_OBJC_WEAK = YES;
				CLANG_WARN_BLOCK_CAPTURE_AUTORELEASING = YES;
				CLANG_WARN_BOOL_CONVERSION = YES;
				CLANG_WARN_COMMA = YES;
				CLANG_WARN_CONSTANT_CONVERSION = YES;
				CLANG_WARN_DEPRECATED_OBJC_IMPLEMENTATIONS = YES;
				CLANG_WARN_DIRECT_OBJC_ISA_USAGE = YES_ERROR;
				CLANG_WARN_DOCUMENTATION_COMMENTS = YES;
				CLANG_WARN_EMPTY_BODY = YES;
				CLANG_WARN_ENUM_CONVERSION = YES;
				CLANG_WARN_INFINITE_RECURSION = YES;
				CLANG_WARN_INT_CONVERSION = YES;
				CLANG_WARN_NON_LITERAL_NULL_CONVERSION = YES;
				CLANG_WARN_OBJC_IMPLICIT_RETAIN_SELF = YES;
				CLANG_WARN_OBJC_LITERAL_CONVERSION = YES;
				CLANG_WARN_OBJC_ROOT_CLASS = YES_ERROR;
				CLANG_WARN_QUOTED_INCLUDE_IN_FRAMEWORK_HEADER = YES;
				CLANG_WARN_RANGE_LOOP_ANALYSIS = YES;
				CLANG_WARN_STRICT_PROTOTYPES = YES;
				CLANG_WARN_SUSPICIOUS_MOVE = YES;
				CLANG_WARN_UNGUARDED_AVAILABILITY = YES_AGGRESSIVE;
				CLANG_WARN_UNREACHABLE_CODE = YES;
				CLANG_WARN__DUPLICATE_METHOD_MATCH = YES;
				COPY_PHASE_STRIP = NO;
				DEBUG_INFORMATION_FORMAT = dwarf;
				ENABLE_STRICT_OBJC_MSGSEND = YES;
				ENABLE_TESTABILITY = YES;
				ENABLE_USER_SCRIPT_SANDBOXING = YES;
				GCC_C_LANGUAGE_STANDARD = gnu17;
				GCC_DYNAMIC_NO_PIC = NO;
				GCC_NO_COMMON_BLOCKS = YES;
				GCC_OPTIMIZATION_LEVEL = 0;
				GCC_PREPROCESSOR_DEFINITIONS = (
					"DEBUG=1",
					"$(inherited)",
				);
				GCC_WARN_64_TO_32_BIT_CONVERSION = YES;
				GCC_WARN_ABOUT_RETURN_TYPE = YES_ERROR;
				GCC_WARN_UNDECLARED_SELECTOR = YES;
				GCC_WARN_UNINITIALIZED_AUTOS = YES_AGGRESSIVE;
				GCC_WARN_UNUSED_FUNCTION = YES;
				GCC_WARN_UNUSED_VARIABLE = YES;
				IPHONEOS_DEPLOYMENT_TARGET = 17.0;
				LOCALIZATION_PREFERS_STRING_CATALOGS = YES;
				MTL_ENABLE_DEBUG_INFO = INCLUDE_SOURCE;
				MTL_FAST_MATH = YES;
				NYT_API_KEY = "$(NYT_API_KEY)";
				ONLY_ACTIVE_ARCH = YES;
				SDKROOT = iphoneos;
				SWIFT_ACTIVE_COMPILATION_CONDITIONS = "DEBUG $(inherited)";
				SWIFT_OPTIMIZATION_LEVEL = "-Onone";
			};
			name = Debug;
		};
		5EA152562D09E227005D7AEB /* Release */ = {
			isa = XCBuildConfiguration;
			buildSettings = {
				ALWAYS_SEARCH_USER_PATHS = NO;
				ASSETCATALOG_COMPILER_GENERATE_SWIFT_ASSET_SYMBOL_EXTENSIONS = YES;
				CLANG_ANALYZER_NONNULL = YES;
				CLANG_ANALYZER_NUMBER_OBJECT_CONVERSION = YES_AGGRESSIVE;
				CLANG_CXX_LANGUAGE_STANDARD = "gnu++20";
				CLANG_ENABLE_MODULES = YES;
				CLANG_ENABLE_OBJC_ARC = YES;
				CLANG_ENABLE_OBJC_WEAK = YES;
				CLANG_WARN_BLOCK_CAPTURE_AUTORELEASING = YES;
				CLANG_WARN_BOOL_CONVERSION = YES;
				CLANG_WARN_COMMA = YES;
				CLANG_WARN_CONSTANT_CONVERSION = YES;
				CLANG_WARN_DEPRECATED_OBJC_IMPLEMENTATIONS = YES;
				CLANG_WARN_DIRECT_OBJC_ISA_USAGE = YES_ERROR;
				CLANG_WARN_DOCUMENTATION_COMMENTS = YES;
				CLANG_WARN_EMPTY_BODY = YES;
				CLANG_WARN_ENUM_CONVERSION = YES;
				CLANG_WARN_INFINITE_RECURSION = YES;
				CLANG_WARN_INT_CONVERSION = YES;
				CLANG_WARN_NON_LITERAL_NULL_CONVERSION = YES;
				CLANG_WARN_OBJC_IMPLICIT_RETAIN_SELF = YES;
				CLANG_WARN_OBJC_LITERAL_CONVERSION = YES;
				CLANG_WARN_OBJC_ROOT_CLASS = YES_ERROR;
				CLANG_WARN_QUOTED_INCLUDE_IN_FRAMEWORK_HEADER = YES;
				CLANG_WARN_RANGE_LOOP_ANALYSIS = YES;
				CLANG_WARN_STRICT_PROTOTYPES = YES;
				CLANG_WARN_SUSPICIOUS_MOVE = YES;
				CLANG_WARN_UNGUARDED_AVAILABILITY = YES_AGGRESSIVE;
				CLANG_WARN_UNREACHABLE_CODE = YES;
				CLANG_WARN__DUPLICATE_METHOD_MATCH = YES;
				COPY_PHASE_STRIP = NO;
				DEBUG_INFORMATION_FORMAT = "dwarf-with-dsym";
				ENABLE_NS_ASSERTIONS = NO;
				ENABLE_STRICT_OBJC_MSGSEND = YES;
				ENABLE_USER_SCRIPT_SANDBOXING = YES;
				GCC_C_LANGUAGE_STANDARD = gnu17;
				GCC_NO_COMMON_BLOCKS = YES;
				GCC_WARN_64_TO_32_BIT_CONVERSION = YES;
				GCC_WARN_ABOUT_RETURN_TYPE = YES_ERROR;
				GCC_WARN_UNDECLARED_SELECTOR = YES;
				GCC_WARN_UNINITIALIZED_AUTOS = YES_AGGRESSIVE;
				GCC_WARN_UNUSED_FUNCTION = YES;
				GCC_WARN_UNUSED_VARIABLE = YES;
				IPHONEOS_DEPLOYMENT_TARGET = 17.0;
				LOCALIZATION_PREFERS_STRING_CATALOGS = YES;
				MTL_ENABLE_DEBUG_INFO = NO;
				MTL_FAST_MATH = YES;
				NYT_API_KEY = "$(NYT_API_KEY)";
				SDKROOT = iphoneos;
				SWIFT_COMPILATION_MODE = wholemodule;
				VALIDATE_PRODUCT = YES;
			};
			name = Release;
		};
		5EA152582D09E227005D7AEB /* Debug */ = {
			isa = XCBuildConfiguration;
			baseConfigurationReference = 5EA152622D0B912A005D7AEB /* secrets.xcconfig */;
			buildSettings = {
				ASSETCATALOG_COMPILER_APPICON_NAME = AppIcon;
				ASSETCATALOG_COMPILER_GLOBAL_ACCENT_COLOR_NAME = AccentColor;
				CODE_SIGN_STYLE = Automatic;
				CURRENT_PROJECT_VERSION = 1;
				DEVELOPMENT_TEAM = KL48363826;
				GENERATE_INFOPLIST_FILE = YES;
				INFOPLIST_FILE = "NYT Bestsellers/Info.plist";
				INFOPLIST_KEY_UIApplicationSupportsIndirectInputEvents = YES;
				INFOPLIST_KEY_UILaunchStoryboardName = LaunchScreen.storyboard;
				INFOPLIST_KEY_UIMainStoryboardFile = Main;
				INFOPLIST_KEY_UISupportedInterfaceOrientations = UIInterfaceOrientationPortrait;
				INFOPLIST_KEY_UISupportedInterfaceOrientations_iPad = "UIInterfaceOrientationLandscapeLeft UIInterfaceOrientationLandscapeRight UIInterfaceOrientationPortrait";
				LD_RUNPATH_SEARCH_PATHS = (
					"$(inherited)",
					"@executable_path/Frameworks",
				);
				MARKETING_VERSION = 1.0;
				PRODUCT_BUNDLE_IDENTIFIER = "com.daitensai.NYT-Bestsellers";
				PRODUCT_NAME = "$(TARGET_NAME)";
				SWIFT_EMIT_LOC_STRINGS = YES;
				SWIFT_VERSION = 5.0;
				TARGETED_DEVICE_FAMILY = "1,2";
			};
			name = Debug;
		};
		5EA152592D09E227005D7AEB /* Release */ = {
			isa = XCBuildConfiguration;
			baseConfigurationReference = 5EA152622D0B912A005D7AEB /* secrets.xcconfig */;
			buildSettings = {
				ASSETCATALOG_COMPILER_APPICON_NAME = AppIcon;
				ASSETCATALOG_COMPILER_GLOBAL_ACCENT_COLOR_NAME = AccentColor;
				CODE_SIGN_STYLE = Automatic;
				CURRENT_PROJECT_VERSION = 1;
				DEVELOPMENT_TEAM = KL48363826;
				GENERATE_INFOPLIST_FILE = YES;
				INFOPLIST_FILE = "NYT Bestsellers/Info.plist";
				INFOPLIST_KEY_UIApplicationSupportsIndirectInputEvents = YES;
				INFOPLIST_KEY_UILaunchStoryboardName = LaunchScreen.storyboard;
				INFOPLIST_KEY_UIMainStoryboardFile = Main;
				INFOPLIST_KEY_UISupportedInterfaceOrientations = UIInterfaceOrientationPortrait;
				INFOPLIST_KEY_UISupportedInterfaceOrientations_iPad = "UIInterfaceOrientationLandscapeLeft UIInterfaceOrientationLandscapeRight UIInterfaceOrientationPortrait";
				LD_RUNPATH_SEARCH_PATHS = (
					"$(inherited)",
					"@executable_path/Frameworks",
				);
				MARKETING_VERSION = 1.0;
				PRODUCT_BUNDLE_IDENTIFIER = "com.daitensai.NYT-Bestsellers";
				PRODUCT_NAME = "$(TARGET_NAME)";
				SWIFT_EMIT_LOC_STRINGS = YES;
				SWIFT_VERSION = 5.0;
				TARGETED_DEVICE_FAMILY = "1,2";
			};
			name = Release;
		};
		5EF1FB252D673440006B8526 /* Debug */ = {
			isa = XCBuildConfiguration;
			baseConfigurationReference = 5EA152622D0B912A005D7AEB /* secrets.xcconfig */;
			buildSettings = {
				ASSETCATALOG_COMPILER_APPICON_NAME = AppIcon;
				ASSETCATALOG_COMPILER_GLOBAL_ACCENT_COLOR_NAME = AccentColor;
				CODE_SIGN_STYLE = Automatic;
				CURRENT_PROJECT_VERSION = 1;
				DEVELOPMENT_ASSET_PATHS = "\"NYT Bestsellers-SwiftUI/Preview Content\"";
				DEVELOPMENT_TEAM = KL48363826;
				ENABLE_PREVIEWS = YES;
				GENERATE_INFOPLIST_FILE = YES;
				INFOPLIST_KEY_UIApplicationSceneManifest_Generation = YES;
				INFOPLIST_KEY_UIApplicationSupportsIndirectInputEvents = YES;
				INFOPLIST_KEY_UILaunchScreen_Generation = YES;
				INFOPLIST_KEY_UISupportedInterfaceOrientations_iPad = "UIInterfaceOrientationPortrait UIInterfaceOrientationPortraitUpsideDown UIInterfaceOrientationLandscapeLeft UIInterfaceOrientationLandscapeRight";
				INFOPLIST_KEY_UISupportedInterfaceOrientations_iPhone = "UIInterfaceOrientationPortrait UIInterfaceOrientationLandscapeLeft UIInterfaceOrientationLandscapeRight";
				LD_RUNPATH_SEARCH_PATHS = (
					"$(inherited)",
					"@executable_path/Frameworks",
				);
				MARKETING_VERSION = 1.0;
				PRODUCT_BUNDLE_IDENTIFIER = "com.daitensai.NYT-Bestsellers-SwiftUI";
				PRODUCT_NAME = "$(TARGET_NAME)";
				SWIFT_EMIT_LOC_STRINGS = YES;
				SWIFT_VERSION = 5.0;
				TARGETED_DEVICE_FAMILY = "1,2";
			};
			name = Debug;
		};
		5EF1FB262D673440006B8526 /* Release */ = {
			isa = XCBuildConfiguration;
			baseConfigurationReference = 5EA152622D0B912A005D7AEB /* secrets.xcconfig */;
			buildSettings = {
				ASSETCATALOG_COMPILER_APPICON_NAME = AppIcon;
				ASSETCATALOG_COMPILER_GLOBAL_ACCENT_COLOR_NAME = AccentColor;
				CODE_SIGN_STYLE = Automatic;
				CURRENT_PROJECT_VERSION = 1;
				DEVELOPMENT_ASSET_PATHS = "\"NYT Bestsellers-SwiftUI/Preview Content\"";
				DEVELOPMENT_TEAM = KL48363826;
				ENABLE_PREVIEWS = YES;
				GENERATE_INFOPLIST_FILE = YES;
				INFOPLIST_KEY_UIApplicationSceneManifest_Generation = YES;
				INFOPLIST_KEY_UIApplicationSupportsIndirectInputEvents = YES;
				INFOPLIST_KEY_UILaunchScreen_Generation = YES;
				INFOPLIST_KEY_UISupportedInterfaceOrientations_iPad = "UIInterfaceOrientationPortrait UIInterfaceOrientationPortraitUpsideDown UIInterfaceOrientationLandscapeLeft UIInterfaceOrientationLandscapeRight";
				INFOPLIST_KEY_UISupportedInterfaceOrientations_iPhone = "UIInterfaceOrientationPortrait UIInterfaceOrientationLandscapeLeft UIInterfaceOrientationLandscapeRight";
				LD_RUNPATH_SEARCH_PATHS = (
					"$(inherited)",
					"@executable_path/Frameworks",
				);
				MARKETING_VERSION = 1.0;
				PRODUCT_BUNDLE_IDENTIFIER = "com.daitensai.NYT-Bestsellers-SwiftUI";
				PRODUCT_NAME = "$(TARGET_NAME)";
				SWIFT_EMIT_LOC_STRINGS = YES;
				SWIFT_VERSION = 5.0;
				TARGETED_DEVICE_FAMILY = "1,2";
			};
			name = Release;
		};
		5EF2B3692D6CAE5300C612EB /* Debug */ = {
			isa = XCBuildConfiguration;
			buildSettings = {
				BUNDLE_LOADER = "$(TEST_HOST)";
				CODE_SIGN_STYLE = Automatic;
				CURRENT_PROJECT_VERSION = 1;
				DEVELOPMENT_TEAM = KL48363826;
				GENERATE_INFOPLIST_FILE = YES;
				MARKETING_VERSION = 1.0;
				PRODUCT_BUNDLE_IDENTIFIER = "com.daitensai.NYT-Bestsellers-UIKitTests";
				PRODUCT_NAME = "$(TARGET_NAME)";
				SWIFT_EMIT_LOC_STRINGS = NO;
				SWIFT_VERSION = 5.0;
				TARGETED_DEVICE_FAMILY = "1,2";
				TEST_HOST = "$(BUILT_PRODUCTS_DIR)/NYT Bestsellers-UIKit.app/$(BUNDLE_EXECUTABLE_FOLDER_PATH)/NYT Bestsellers-UIKit";
			};
			name = Debug;
		};
		5EF2B36A2D6CAE5300C612EB /* Release */ = {
			isa = XCBuildConfiguration;
			buildSettings = {
				BUNDLE_LOADER = "$(TEST_HOST)";
				CODE_SIGN_STYLE = Automatic;
				CURRENT_PROJECT_VERSION = 1;
				DEVELOPMENT_TEAM = KL48363826;
				GENERATE_INFOPLIST_FILE = YES;
				MARKETING_VERSION = 1.0;
				PRODUCT_BUNDLE_IDENTIFIER = "com.daitensai.NYT-Bestsellers-UIKitTests";
				PRODUCT_NAME = "$(TARGET_NAME)";
				SWIFT_EMIT_LOC_STRINGS = NO;
				SWIFT_VERSION = 5.0;
				TARGETED_DEVICE_FAMILY = "1,2";
				TEST_HOST = "$(BUILT_PRODUCTS_DIR)/NYT Bestsellers-UIKit.app/$(BUNDLE_EXECUTABLE_FOLDER_PATH)/NYT Bestsellers-UIKit";
			};
			name = Release;
		};
		5EF2B3772D6CAE6800C612EB /* Debug */ = {
			isa = XCBuildConfiguration;
			buildSettings = {
				BUNDLE_LOADER = "$(TEST_HOST)";
				CODE_SIGN_STYLE = Automatic;
				CURRENT_PROJECT_VERSION = 1;
				DEVELOPMENT_TEAM = KL48363826;
				GENERATE_INFOPLIST_FILE = YES;
				MARKETING_VERSION = 1.0;
				PRODUCT_BUNDLE_IDENTIFIER = "com.daitensai.NYT-Bestsellers-SwiftUITests";
				PRODUCT_NAME = "$(TARGET_NAME)";
				SWIFT_EMIT_LOC_STRINGS = NO;
				SWIFT_VERSION = 5.0;
				TARGETED_DEVICE_FAMILY = "1,2";
				TEST_HOST = "$(BUILT_PRODUCTS_DIR)/NYT Bestsellers-SwiftUI.app/$(BUNDLE_EXECUTABLE_FOLDER_PATH)/NYT Bestsellers-SwiftUI";
			};
			name = Debug;
		};
		5EF2B3782D6CAE6800C612EB /* Release */ = {
			isa = XCBuildConfiguration;
			buildSettings = {
				BUNDLE_LOADER = "$(TEST_HOST)";
				CODE_SIGN_STYLE = Automatic;
				CURRENT_PROJECT_VERSION = 1;
				DEVELOPMENT_TEAM = KL48363826;
				GENERATE_INFOPLIST_FILE = YES;
				MARKETING_VERSION = 1.0;
				PRODUCT_BUNDLE_IDENTIFIER = "com.daitensai.NYT-Bestsellers-SwiftUITests";
				PRODUCT_NAME = "$(TARGET_NAME)";
				SWIFT_EMIT_LOC_STRINGS = NO;
				SWIFT_VERSION = 5.0;
				TARGETED_DEVICE_FAMILY = "1,2";
				TEST_HOST = "$(BUILT_PRODUCTS_DIR)/NYT Bestsellers-SwiftUI.app/$(BUNDLE_EXECUTABLE_FOLDER_PATH)/NYT Bestsellers-SwiftUI";
			};
			name = Release;
		};
/* End XCBuildConfiguration section */

/* Begin XCConfigurationList section */
		5EA1523E2D09E225005D7AEB /* Build configuration list for PBXProject "NYT Bestsellers" */ = {
			isa = XCConfigurationList;
			buildConfigurations = (
				5EA152552D09E227005D7AEB /* Debug */,
				5EA152562D09E227005D7AEB /* Release */,
			);
			defaultConfigurationIsVisible = 0;
			defaultConfigurationName = Release;
		};
		5EA152572D09E227005D7AEB /* Build configuration list for PBXNativeTarget "NYT Bestsellers-UIKit" */ = {
			isa = XCConfigurationList;
			buildConfigurations = (
				5EA152582D09E227005D7AEB /* Debug */,
				5EA152592D09E227005D7AEB /* Release */,
			);
			defaultConfigurationIsVisible = 0;
			defaultConfigurationName = Release;
		};
		5EF1FB242D673440006B8526 /* Build configuration list for PBXNativeTarget "NYT Bestsellers-SwiftUI" */ = {
			isa = XCConfigurationList;
			buildConfigurations = (
				5EF1FB252D673440006B8526 /* Debug */,
				5EF1FB262D673440006B8526 /* Release */,
			);
			defaultConfigurationIsVisible = 0;
			defaultConfigurationName = Release;
		};
		5EF2B36B2D6CAE5300C612EB /* Build configuration list for PBXNativeTarget "NYT Bestsellers-UIKitTests" */ = {
			isa = XCConfigurationList;
			buildConfigurations = (
				5EF2B3692D6CAE5300C612EB /* Debug */,
				5EF2B36A2D6CAE5300C612EB /* Release */,
			);
			defaultConfigurationIsVisible = 0;
			defaultConfigurationName = Release;
		};
		5EF2B3762D6CAE6800C612EB /* Build configuration list for PBXNativeTarget "NYT Bestsellers-SwiftUITests" */ = {
			isa = XCConfigurationList;
			buildConfigurations = (
				5EF2B3772D6CAE6800C612EB /* Debug */,
				5EF2B3782D6CAE6800C612EB /* Release */,
			);
			defaultConfigurationIsVisible = 0;
			defaultConfigurationName = Release;
		};
/* End XCConfigurationList section */

/* Begin XCRemoteSwiftPackageReference section */
		5EAB1D732D64A05100BDF8C6 /* XCRemoteSwiftPackageReference "SDWebImage" */ = {
			isa = XCRemoteSwiftPackageReference;
			repositoryURL = "https://github.com/SDWebImage/SDWebImage";
			requirement = {
				kind = upToNextMajorVersion;
				minimumVersion = 5.20.0;
			};
		};
/* End XCRemoteSwiftPackageReference section */

/* Begin XCSwiftPackageProductDependency section */
		5EAB1D742D64A05100BDF8C6 /* SDWebImage */ = {
			isa = XCSwiftPackageProductDependency;
			package = 5EAB1D732D64A05100BDF8C6 /* XCRemoteSwiftPackageReference "SDWebImage" */;
			productName = SDWebImage;
		};
		5EAB1D762D64A05100BDF8C6 /* SDWebImageMapKit */ = {
			isa = XCSwiftPackageProductDependency;
			package = 5EAB1D732D64A05100BDF8C6 /* XCRemoteSwiftPackageReference "SDWebImage" */;
			productName = SDWebImageMapKit;
		};
/* End XCSwiftPackageProductDependency section */
	};
	rootObject = 5EA1523B2D09E225005D7AEB /* Project object */;
}
